
Microsoft Visual Studio Solution File, Format Version 12.00
# Visual Studio 15
VisualStudioVersion = 15.0.28010.2046
MinimumVisualStudioVersion = 10.0.40219.1
Project("{FAE04EC0-301F-11D3-BF4B-00C04F79EFBC}") = "HttpExtension", "HttpExtension\HttpExtension.csproj", "{38BD8ED9-490A-40CE-9C6B-3168B9CD6999}"
EndProject
Global
	GlobalSection(SolutionConfigurationPlatforms) = preSolution
		Debug|Any CPU = Debug|Any CPU
		Release|Any CPU = Release|Any CPU
	EndGlobalSection
	GlobalSection(ProjectConfigurationPlatforms) = postSolution
		{38BD8ED9-490A-40CE-9C6B-3168B9CD6999}.Debug|Any CPU.ActiveCfg = Debug|Any CPU
		{38BD8ED9-490A-40CE-9C6B-3168B9CD6999}.Debug|Any CPU.Build.0 = Debug|Any CPU
		{38BD8ED9-490A-40CE-9C6B-3168B9CD6999}.Release|Any CPU.ActiveCfg = Release|Any CPU
		{38BD8ED9-490A-40CE-9C6B-3168B9CD6999}.Release|Any CPU.Build.0 = Release|Any CPU
	EndGlobalSection
	GlobalSection(SolutionProperties) = preSolution
		HideSolutionNode = FALSE
	EndGlobalSection
	GlobalSection(ExtensibilityGlobals) = postSolution
		SolutionGuid = {C28104D5-FED0-467B-9FB8-6AF60185B41D}
	EndGlobalSection
EndGlobal
